
Microsoft Visual Studio Solution File, Format Version 12.00
# Visual Studio 14
VisualStudioVersion = 14.0.23107.0
MinimumVisualStudioVersion = 10.0.40219.1
Project("{FAE04EC0-301F-11D3-BF4B-00C04F79EFBC}") = "James", "WinFred\James.csproj", "{8E5DFE89-26D4-4E81-A6CA-338B4E8DED8A}"
EndProject
Project("{8BC9CEB8-8B4A-11D0-8D11-00A0C91BC942}") = "SearchEngine", "SearchEngine\SearchEngine.vcxproj", "{D500AB99-1467-4C7F-A1DB-06BB5E6259C2}"
EndProject
Project("{8BC9CEB8-8B4A-11D0-8D11-00A0C91BC942}") = "SearchEngineWrapper", "SearchEngineWrapper\SearchEngineWrapper.vcxproj", "{35113677-1683-4425-AC56-382321C7C9E6}"
EndProject
Project("{FAE04EC0-301F-11D3-BF4B-00C04F79EFBC}") = "James.Test", "James.Test\James.Test.csproj", "{89CCD60A-8AA5-40B8-9F38-43E5259BF15C}"
EndProject
Global
	GlobalSection(SolutionConfigurationPlatforms) = preSolution
		Debug|Any CPU = Debug|Any CPU
		Debug|Mixed Platforms = Debug|Mixed Platforms
		Debug|Win32 = Debug|Win32
		Debug|x64 = Debug|x64
		Debug|x86 = Debug|x86
		Release|Any CPU = Release|Any CPU
		Release|Mixed Platforms = Release|Mixed Platforms
		Release|Win32 = Release|Win32
		Release|x64 = Release|x64
		Release|x86 = Release|x86
	EndGlobalSection
	GlobalSection(ProjectConfigurationPlatforms) = postSolution
		{8E5DFE89-26D4-4E81-A6CA-338B4E8DED8A}.Debug|Any CPU.ActiveCfg = Debug|Any CPU
		{8E5DFE89-26D4-4E81-A6CA-338B4E8DED8A}.Debug|Any CPU.Build.0 = Debug|Any CPU
		{8E5DFE89-26D4-4E81-A6CA-338B4E8DED8A}.Debug|Mixed Platforms.ActiveCfg = Debug|Any CPU
		{8E5DFE89-26D4-4E81-A6CA-338B4E8DED8A}.Debug|Mixed Platforms.Build.0 = Debug|Any CPU
		{8E5DFE89-26D4-4E81-A6CA-338B4E8DED8A}.Debug|Win32.ActiveCfg = Debug|Any CPU
		{8E5DFE89-26D4-4E81-A6CA-338B4E8DED8A}.Debug|x64.ActiveCfg = Debug|x64
		{8E5DFE89-26D4-4E81-A6CA-338B4E8DED8A}.Debug|x64.Build.0 = Debug|x64
		{8E5DFE89-26D4-4E81-A6CA-338B4E8DED8A}.Debug|x86.ActiveCfg = Debug|Any CPU
		{8E5DFE89-26D4-4E81-A6CA-338B4E8DED8A}.Debug|x86.Build.0 = Debug|Any CPU
		{8E5DFE89-26D4-4E81-A6CA-338B4E8DED8A}.Release|Any CPU.ActiveCfg = Release|Any CPU
		{8E5DFE89-26D4-4E81-A6CA-338B4E8DED8A}.Release|Any CPU.Build.0 = Release|Any CPU
		{8E5DFE89-26D4-4E81-A6CA-338B4E8DED8A}.Release|Mixed Platforms.ActiveCfg = Release|Any CPU
		{8E5DFE89-26D4-4E81-A6CA-338B4E8DED8A}.Release|Mixed Platforms.Build.0 = Release|Any CPU
		{8E5DFE89-26D4-4E81-A6CA-338B4E8DED8A}.Release|Win32.ActiveCfg = Release|Any CPU
		{8E5DFE89-26D4-4E81-A6CA-338B4E8DED8A}.Release|x64.ActiveCfg = Release|Any CPU
		{8E5DFE89-26D4-4E81-A6CA-338B4E8DED8A}.Release|x64.Build.0 = Release|Any CPU
		{8E5DFE89-26D4-4E81-A6CA-338B4E8DED8A}.Release|x86.ActiveCfg = Release|x86
		{8E5DFE89-26D4-4E81-A6CA-338B4E8DED8A}.Release|x86.Build.0 = Release|x86
		{D500AB99-1467-4C7F-A1DB-06BB5E6259C2}.Debug|Any CPU.ActiveCfg = Debug|Win32
		{D500AB99-1467-4C7F-A1DB-06BB5E6259C2}.Debug|Any CPU.Build.0 = Debug|Win32
		{D500AB99-1467-4C7F-A1DB-06BB5E6259C2}.Debug|Mixed Platforms.ActiveCfg = Debug|Win32
		{D500AB99-1467-4C7F-A1DB-06BB5E6259C2}.Debug|Mixed Platforms.Build.0 = Debug|Win32
		{D500AB99-1467-4C7F-A1DB-06BB5E6259C2}.Debug|Win32.ActiveCfg = Debug|Win32
		{D500AB99-1467-4C7F-A1DB-06BB5E6259C2}.Debug|Win32.Build.0 = Debug|Win32
		{D500AB99-1467-4C7F-A1DB-06BB5E6259C2}.Debug|x64.ActiveCfg = Debug|x64
		{D500AB99-1467-4C7F-A1DB-06BB5E6259C2}.Debug|x64.Build.0 = Debug|x64
		{D500AB99-1467-4C7F-A1DB-06BB5E6259C2}.Debug|x86.ActiveCfg = Debug|Win32
		{D500AB99-1467-4C7F-A1DB-06BB5E6259C2}.Debug|x86.Build.0 = Debug|Win32
		{D500AB99-1467-4C7F-A1DB-06BB5E6259C2}.Release|Any CPU.ActiveCfg = Release|Win32
		{D500AB99-1467-4C7F-A1DB-06BB5E6259C2}.Release|Mixed Platforms.ActiveCfg = Release|Win32
		{D500AB99-1467-4C7F-A1DB-06BB5E6259C2}.Release|Mixed Platforms.Build.0 = Release|Win32
		{D500AB99-1467-4C7F-A1DB-06BB5E6259C2}.Release|Win32.ActiveCfg = Release|Win32
		{D500AB99-1467-4C7F-A1DB-06BB5E6259C2}.Release|Win32.Build.0 = Release|Win32
		{D500AB99-1467-4C7F-A1DB-06BB5E6259C2}.Release|x64.ActiveCfg = Release|x64
		{D500AB99-1467-4C7F-A1DB-06BB5E6259C2}.Release|x64.Build.0 = Release|x64
		{D500AB99-1467-4C7F-A1DB-06BB5E6259C2}.Release|x86.ActiveCfg = Release|Win32
		{D500AB99-1467-4C7F-A1DB-06BB5E6259C2}.Release|x86.Build.0 = Release|Win32
		{35113677-1683-4425-AC56-382321C7C9E6}.Debug|Any CPU.ActiveCfg = Debug|Win32
		{35113677-1683-4425-AC56-382321C7C9E6}.Debug|Any CPU.Build.0 = Debug|Win32
		{35113677-1683-4425-AC56-382321C7C9E6}.Debug|Mixed Platforms.ActiveCfg = Debug|Win32
		{35113677-1683-4425-AC56-382321C7C9E6}.Debug|Mixed Platforms.Build.0 = Debug|Win32
		{35113677-1683-4425-AC56-382321C7C9E6}.Debug|Win32.ActiveCfg = Debug|Win32
		{35113677-1683-4425-AC56-382321C7C9E6}.Debug|Win32.Build.0 = Debug|Win32
		{35113677-1683-4425-AC56-382321C7C9E6}.Debug|x64.ActiveCfg = Debug|x64
		{35113677-1683-4425-AC56-382321C7C9E6}.Debug|x64.Build.0 = Debug|x64
		{35113677-1683-4425-AC56-382321C7C9E6}.Debug|x86.ActiveCfg = Debug|Win32
		{35113677-1683-4425-AC56-382321C7C9E6}.Debug|x86.Build.0 = Debug|Win32
		{35113677-1683-4425-AC56-382321C7C9E6}.Release|Any CPU.ActiveCfg = Release|Win32
		{35113677-1683-4425-AC56-382321C7C9E6}.Release|Mixed Platforms.ActiveCfg = Release|Win32
		{35113677-1683-4425-AC56-382321C7C9E6}.Release|Mixed Platforms.Build.0 = Release|Win32
		{35113677-1683-4425-AC56-382321C7C9E6}.Release|Win32.ActiveCfg = Release|Win32
		{35113677-1683-4425-AC56-382321C7C9E6}.Release|Win32.Build.0 = Release|Win32
		{35113677-1683-4425-AC56-382321C7C9E6}.Release|x64.ActiveCfg = Release|x64
		{35113677-1683-4425-AC56-382321C7C9E6}.Release|x64.Build.0 = Release|x64
		{35113677-1683-4425-AC56-382321C7C9E6}.Release|x86.ActiveCfg = Release|Win32
		{35113677-1683-4425-AC56-382321C7C9E6}.Release|x86.Build.0 = Release|Win32
		{89CCD60A-8AA5-40B8-9F38-43E5259BF15C}.Debug|Any CPU.ActiveCfg = Debug|Any CPU
		{89CCD60A-8AA5-40B8-9F38-43E5259BF15C}.Debug|Any CPU.Build.0 = Debug|Any CPU
		{89CCD60A-8AA5-40B8-9F38-43E5259BF15C}.Debug|Mixed Platforms.ActiveCfg = Debug|Any CPU
		{89CCD60A-8AA5-40B8-9F38-43E5259BF15C}.Debug|Mixed Platforms.Build.0 = Debug|Any CPU
		{89CCD60A-8AA5-40B8-9F38-43E5259BF15C}.Debug|Win32.ActiveCfg = Debug|Any CPU
		{89CCD60A-8AA5-40B8-9F38-43E5259BF15C}.Debug|Win32.Build.0 = Debug|Any CPU
		{89CCD60A-8AA5-40B8-9F38-43E5259BF15C}.Debug|x64.ActiveCfg = Debug|Any CPU
		{89CCD60A-8AA5-40B8-9F38-43E5259BF15C}.Debug|x64.Build.0 = Debug|Any CPU
		{89CCD60A-8AA5-40B8-9F38-43E5259BF15C}.Debug|x86.ActiveCfg = Debug|Any CPU
		{89CCD60A-8AA5-40B8-9F38-43E5259BF15C}.Debug|x86.Build.0 = Debug|Any CPU
		{89CCD60A-8AA5-40B8-9F38-43E5259BF15C}.Release|Any CPU.ActiveCfg = Release|Any CPU
		{89CCD60A-8AA5-40B8-9F38-43E5259BF15C}.Release|Any CPU.Build.0 = Release|Any CPU
		{89CCD60A-8AA5-40B8-9F38-43E5259BF15C}.Release|Mixed Platforms.ActiveCfg = Release|Any CPU
		{89CCD60A-8AA5-40B8-9F38-43E5259BF15C}.Release|Mixed Platforms.Build.0 = Release|Any CPU
		{89CCD60A-8AA5-40B8-9F38-43E5259BF15C}.Release|Win32.ActiveCfg = Release|Any CPU
		{89CCD60A-8AA5-40B8-9F38-43E5259BF15C}.Release|Win32.Build.0 = Release|Any CPU
		{89CCD60A-8AA5-40B8-9F38-43E5259BF15C}.Release|x64.ActiveCfg = Release|Any CPU
		{89CCD60A-8AA5-40B8-9F38-43E5259BF15C}.Release|x64.Build.0 = Release|Any CPU
		{89CCD60A-8AA5-40B8-9F38-43E5259BF15C}.Release|x86.ActiveCfg = Release|Any CPU
		{89CCD60A-8AA5-40B8-9F38-43E5259BF15C}.Release|x86.Build.0 = Release|Any CPU
	EndGlobalSection
	GlobalSection(SolutionProperties) = preSolution
		HideSolutionNode = FALSE
	EndGlobalSection
EndGlobal
